
Microsoft Visual Studio Solution File, Format Version 12.00
# Visual Studio Version 17
VisualStudioVersion = 17.8.34511.84
MinimumVisualStudioVersion = 10.0.40219.1
Project("{FAE04EC0-301F-11D3-BF4B-00C04F79EFBC}") = "PhoneBookWpf", "PhoneBookWpf.csproj", "{61A8AB40-21CA-4CE7-B1B7-93F169AFDFE3}"
EndProject
Global
	GlobalSection(SolutionConfigurationPlatforms) = preSolution
		Debug|Any CPU = Debug|Any CPU
		Release|Any CPU = Release|Any CPU
	EndGlobalSection
	GlobalSection(ProjectConfigurationPlatforms) = postSolution
		{61A8AB40-21CA-4CE7-B1B7-93F169AFDFE3}.Debug|Any CPU.ActiveCfg = Debug|Any CPU
		{61A8AB40-21CA-4CE7-B1B7-93F169AFDFE3}.Debug|Any CPU.Build.0 = Debug|Any CPU
		{61A8AB40-21CA-4CE7-B1B7-93F169AFDFE3}.Release|Any CPU.ActiveCfg = Release|Any CPU
		{61A8AB40-21CA-4CE7-B1B7-93F169AFDFE3}.Release|Any CPU.Build.0 = Release|Any CPU
	EndGlobalSection
	GlobalSection(SolutionProperties) = preSolution
		HideSolutionNode = FALSE
	EndGlobalSection
	GlobalSection(ExtensibilityGlobals) = postSolution
		SolutionGuid = {C251A234-6005-4241-906E-DB2C2DD3AA98}
	EndGlobalSection
EndGlobal
